
Microsoft Visual Studio Solution File, Format Version 12.00
# Visual Studio 15
VisualStudioVersion = 15.0.27130.2026
MinimumVisualStudioVersion = 10.0.40219.1
Project("{8BC9CEB8-8B4A-11D0-8D11-00A0C91BC942}") = "hiho-jingziqi", "hiho-jingziqi\hiho-jingziqi.vcxproj", "{B8B5CBCC-E107-4F34-860C-5F9127443787}"
EndProject
Project("{8BC9CEB8-8B4A-11D0-8D11-00A0C91BC942}") = "hiho-tuixiangzi", "hiho-tuixiangzi\hiho-tuixiangzi.vcxproj", "{DFCD93A5-A4FE-482C-80C0-6701EE35501B}"
EndProject
Project("{8BC9CEB8-8B4A-11D0-8D11-00A0C91BC942}") = "hiho-lianliankan", "hiho-lianliankan\hiho-lianliankan.vcxproj", "{60CEDDFC-CD34-4C7D-BEB1-EE0D54ED84CD}"
EndProject
Project("{8BC9CEB8-8B4A-11D0-8D11-00A0C91BC942}") = "amusing-digits", "amusing-digits\amusing-digits.vcxproj", "{53E2BAE5-8E88-4907-8937-3DFAE46B3423}"
EndProject
Project("{8BC9CEB8-8B4A-11D0-8D11-00A0C91BC942}") = "best-compression-algorithms", "best-compression-algorithms\best-compression-algorithms.vcxproj", "{B0FFCC41-E321-4FD8-A1C0-FE5618C9029C}"
EndProject
Project("{8BC9CEB8-8B4A-11D0-8D11-00A0C91BC942}") = "complicated-expression", "complicated-expression\complicated-expression.vcxproj", "{83587966-2CCE-4C5D-A5BA-C0AC70B66D83}"
EndProject
Project("{8BC9CEB8-8B4A-11D0-8D11-00A0C91BC942}") = "difficult-player-grouping", "difficult-player-grouping\difficult-player-grouping.vcxproj", "{7C2AB2FA-9FDA-4C47-BC6C-0B0B71AAF2EF}"
EndProject
Global
	GlobalSection(SolutionConfigurationPlatforms) = preSolution
		Debug|x64 = Debug|x64
		Debug|x86 = Debug|x86
		Release|x64 = Release|x64
		Release|x86 = Release|x86
	EndGlobalSection
	GlobalSection(ProjectConfigurationPlatforms) = postSolution
		{B8B5CBCC-E107-4F34-860C-5F9127443787}.Debug|x64.ActiveCfg = Debug|x64
		{B8B5CBCC-E107-4F34-860C-5F9127443787}.Debug|x64.Build.0 = Debug|x64
		{B8B5CBCC-E107-4F34-860C-5F9127443787}.Debug|x86.ActiveCfg = Debug|Win32
		{B8B5CBCC-E107-4F34-860C-5F9127443787}.Debug|x86.Build.0 = Debug|Win32
		{B8B5CBCC-E107-4F34-860C-5F9127443787}.Release|x64.ActiveCfg = Release|x64
		{B8B5CBCC-E107-4F34-860C-5F9127443787}.Release|x64.Build.0 = Release|x64
		{B8B5CBCC-E107-4F34-860C-5F9127443787}.Release|x86.ActiveCfg = Release|Win32
		{B8B5CBCC-E107-4F34-860C-5F9127443787}.Release|x86.Build.0 = Release|Win32
		{DFCD93A5-A4FE-482C-80C0-6701EE35501B}.Debug|x64.ActiveCfg = Debug|x64
		{DFCD93A5-A4FE-482C-80C0-6701EE35501B}.Debug|x64.Build.0 = Debug|x64
		{DFCD93A5-A4FE-482C-80C0-6701EE35501B}.Debug|x86.ActiveCfg = Debug|Win32
		{DFCD93A5-A4FE-482C-80C0-6701EE35501B}.Debug|x86.Build.0 = Debug|Win32
		{DFCD93A5-A4FE-482C-80C0-6701EE35501B}.Release|x64.ActiveCfg = Release|x64
		{DFCD93A5-A4FE-482C-80C0-6701EE35501B}.Release|x64.Build.0 = Release|x64
		{DFCD93A5-A4FE-482C-80C0-6701EE35501B}.Release|x86.ActiveCfg = Release|Win32
		{DFCD93A5-A4FE-482C-80C0-6701EE35501B}.Release|x86.Build.0 = Release|Win32
		{60CEDDFC-CD34-4C7D-BEB1-EE0D54ED84CD}.Debug|x64.ActiveCfg = Debug|x64
		{60CEDDFC-CD34-4C7D-BEB1-EE0D54ED84CD}.Debug|x64.Build.0 = Debug|x64
		{60CEDDFC-CD34-4C7D-BEB1-EE0D54ED84CD}.Debug|x86.ActiveCfg = Debug|Win32
		{60CEDDFC-CD34-4C7D-BEB1-EE0D54ED84CD}.Debug|x86.Build.0 = Debug|Win32
		{60CEDDFC-CD34-4C7D-BEB1-EE0D54ED84CD}.Release|x64.ActiveCfg = Release|x64
		{60CEDDFC-CD34-4C7D-BEB1-EE0D54ED84CD}.Release|x64.Build.0 = Release|x64
		{60CEDDFC-CD34-4C7D-BEB1-EE0D54ED84CD}.Release|x86.ActiveCfg = Release|Win32
		{60CEDDFC-CD34-4C7D-BEB1-EE0D54ED84CD}.Release|x86.Build.0 = Release|Win32
		{53E2BAE5-8E88-4907-8937-3DFAE46B3423}.Debug|x64.ActiveCfg = Debug|x64
		{53E2BAE5-8E88-4907-8937-3DFAE46B3423}.Debug|x64.Build.0 = Debug|x64
		{53E2BAE5-8E88-4907-8937-3DFAE46B3423}.Debug|x86.ActiveCfg = Debug|Win32
		{53E2BAE5-8E88-4907-8937-3DFAE46B3423}.Debug|x86.Build.0 = Debug|Win32
		{53E2BAE5-8E88-4907-8937-3DFAE46B3423}.Release|x64.ActiveCfg = Release|x64
		{53E2BAE5-8E88-4907-8937-3DFAE46B3423}.Release|x64.Build.0 = Release|x64
		{53E2BAE5-8E88-4907-8937-3DFAE46B3423}.Release|x86.ActiveCfg = Release|Win32
		{53E2BAE5-8E88-4907-8937-3DFAE46B3423}.Release|x86.Build.0 = Release|Win32
		{B0FFCC41-E321-4FD8-A1C0-FE5618C9029C}.Debug|x64.ActiveCfg = Debug|x64
		{B0FFCC41-E321-4FD8-A1C0-FE5618C9029C}.Debug|x64.Build.0 = Debug|x64
		{B0FFCC41-E321-4FD8-A1C0-FE5618C9029C}.Debug|x86.ActiveCfg = Debug|Win32
		{B0FFCC41-E321-4FD8-A1C0-FE5618C9029C}.Debug|x86.Build.0 = Debug|Win32
		{B0FFCC41-E321-4FD8-A1C0-FE5618C9029C}.Release|x64.ActiveCfg = Release|x64
		{B0FFCC41-E321-4FD8-A1C0-FE5618C9029C}.Release|x64.Build.0 = Release|x64
		{B0FFCC41-E321-4FD8-A1C0-FE5618C9029C}.Release|x86.ActiveCfg = Release|Win32
		{B0FFCC41-E321-4FD8-A1C0-FE5618C9029C}.Release|x86.Build.0 = Release|Win32
		{83587966-2CCE-4C5D-A5BA-C0AC70B66D83}.Debug|x64.ActiveCfg = Debug|x64
		{83587966-2CCE-4C5D-A5BA-C0AC70B66D83}.Debug|x64.Build.0 = Debug|x64
		{83587966-2CCE-4C5D-A5BA-C0AC70B66D83}.Debug|x86.ActiveCfg = Debug|Win32
		{83587966-2CCE-4C5D-A5BA-C0AC70B66D83}.Debug|x86.Build.0 = Debug|Win32
		{83587966-2CCE-4C5D-A5BA-C0AC70B66D83}.Release|x64.ActiveCfg = Release|x64
		{83587966-2CCE-4C5D-A5BA-C0AC70B66D83}.Release|x64.Build.0 = Release|x64
		{83587966-2CCE-4C5D-A5BA-C0AC70B66D83}.Release|x86.ActiveCfg = Release|Win32
		{83587966-2CCE-4C5D-A5BA-C0AC70B66D83}.Release|x86.Build.0 = Release|Win32
		{7C2AB2FA-9FDA-4C47-BC6C-0B0B71AAF2EF}.Debug|x64.ActiveCfg = Debug|x64
		{7C2AB2FA-9FDA-4C47-BC6C-0B0B71AAF2EF}.Debug|x64.Build.0 = Debug|x64
		{7C2AB2FA-9FDA-4C47-BC6C-0B0B71AAF2EF}.Debug|x86.ActiveCfg = Debug|Win32
		{7C2AB2FA-9FDA-4C47-BC6C-0B0B71AAF2EF}.Debug|x86.Build.0 = Debug|Win32
		{7C2AB2FA-9FDA-4C47-BC6C-0B0B71AAF2EF}.Release|x64.ActiveCfg = Release|x64
		{7C2AB2FA-9FDA-4C47-BC6C-0B0B71AAF2EF}.Release|x64.Build.0 = Release|x64
		{7C2AB2FA-9FDA-4C47-BC6C-0B0B71AAF2EF}.Release|x86.ActiveCfg = Release|Win32
		{7C2AB2FA-9FDA-4C47-BC6C-0B0B71AAF2EF}.Release|x86.Build.0 = Release|Win32
	EndGlobalSection
	GlobalSection(SolutionProperties) = preSolution
		HideSolutionNode = FALSE
	EndGlobalSection
	GlobalSection(ExtensibilityGlobals) = postSolution
		SolutionGuid = {95561F3A-86E6-4FD2-B844-E2D3A585E286}
	EndGlobalSection
EndGlobal
