
Microsoft Visual Studio Solution File, Format Version 12.00
# Visual Studio 15
VisualStudioVersion = 15.0.27130.2027
MinimumVisualStudioVersion = 10.0.40219.1
Project("{8BC9CEB8-8B4A-11D0-8D11-00A0C91BC942}") = "hiho-jingziqi", "hiho-jingziqi\hiho-jingziqi.vcxproj", "{B8B5CBCC-E107-4F34-860C-5F9127443787}"
EndProject
Project("{8BC9CEB8-8B4A-11D0-8D11-00A0C91BC942}") = "hiho-tuixiangzi", "hiho-tuixiangzi\hiho-tuixiangzi.vcxproj", "{DFCD93A5-A4FE-482C-80C0-6701EE35501B}"
EndProject
Project("{8BC9CEB8-8B4A-11D0-8D11-00A0C91BC942}") = "hiho-lianliankan", "hiho-lianliankan\hiho-lianliankan.vcxproj", "{60CEDDFC-CD34-4C7D-BEB1-EE0D54ED84CD}"
EndProject
Project("{8BC9CEB8-8B4A-11D0-8D11-00A0C91BC942}") = "amusing-digits", "amusing-digits\amusing-digits.vcxproj", "{53E2BAE5-8E88-4907-8937-3DFAE46B3423}"
EndProject
Project("{8BC9CEB8-8B4A-11D0-8D11-00A0C91BC942}") = "best-compression-algorithms", "best-compression-algorithms\best-compression-algorithms.vcxproj", "{B0FFCC41-E321-4FD8-A1C0-FE5618C9029C}"
EndProject
Project("{8BC9CEB8-8B4A-11D0-8D11-00A0C91BC942}") = "complicated-expression", "complicated-expression\complicated-expression.vcxproj", "{83587966-2CCE-4C5D-A5BA-C0AC70B66D83}"
EndProject
Project("{8BC9CEB8-8B4A-11D0-8D11-00A0C91BC942}") = "difficult-player-grouping", "difficult-player-grouping\difficult-player-grouping.vcxproj", "{7C2AB2FA-9FDA-4C47-BC6C-0B0B71AAF2EF}"
EndProject
Project("{8BC9CEB8-8B4A-11D0-8D11-00A0C91BC942}") = "ellite-collision-detection", "ellite-collision-detection\ellite-collision-detection.vcxproj", "{1ACB8650-9238-4DE5-ADE3-5A592000D97F}"
EndProject
Project("{8BC9CEB8-8B4A-11D0-8D11-00A0C91BC942}") = "fantastic-signal", "fantastic-signal\fantastic-signal.vcxproj", "{6C6EF6E9-7403-44D5-8766-6E4C7B957786}"
EndProject
Project("{8BC9CEB8-8B4A-11D0-8D11-00A0C91BC942}") = "1327", "1327\1327.vcxproj", "{66659C53-A801-4944-9925-AFAA7E74788E}"
EndProject
Project("{8BC9CEB8-8B4A-11D0-8D11-00A0C91BC942}") = "1356", "1356\1356.vcxproj", "{5AD710B5-855A-4E62-8170-846DA8081BD7}"
EndProject
Project("{8BC9CEB8-8B4A-11D0-8D11-00A0C91BC942}") = "hiho-1355", "hiho-1355\hiho-1355.vcxproj", "{F2CA58BB-5B18-4E34-B781-C0151613CB07}"
EndProject
Project("{8BC9CEB8-8B4A-11D0-8D11-00A0C91BC942}") = "hiho-1354", "hiho-1354\hiho-1354.vcxproj", "{E8F62367-66D7-484F-B11F-18B93152AECF}"
EndProject
Project("{8BC9CEB8-8B4A-11D0-8D11-00A0C91BC942}") = "hiho-1093", "hiho-1093\hiho-1093.vcxproj", "{4D20209B-4082-47FC-B400-BCE3CFAFF629}"
EndProject
Project("{8BC9CEB8-8B4A-11D0-8D11-00A0C91BC942}") = "hiho-1353", "hiho-1353\hiho-1353.vcxproj", "{FEEBD132-6E2B-4308-8121-09BFE4F2C7A0}"
EndProject
Project("{8BC9CEB8-8B4A-11D0-8D11-00A0C91BC942}") = "hiho-1352", "hiho-1352\hiho-1352.vcxproj", "{E68057F3-2057-49D0-9C35-A1E3DFB05A85}"
EndProject
Project("{8BC9CEB8-8B4A-11D0-8D11-00A0C91BC942}") = "hiho-1357", "hiho-1357\hiho-1357.vcxproj", "{BD59818E-290C-4806-8C2F-11EDE21C769B}"
EndProject
Project("{8BC9CEB8-8B4A-11D0-8D11-00A0C91BC942}") = "hiho-1351", "hiho-1351\hiho-1351.vcxproj", "{8CC0342B-CD06-42DB-98A6-869EDF054AF8}"
EndProject
Project("{8BC9CEB8-8B4A-11D0-8D11-00A0C91BC942}") = "hiho-1350", "hiho-1350\hiho-1350.vcxproj", "{CDA1C942-4E67-49F7-83AC-780E191EC9DA}"
EndProject
Project("{8BC9CEB8-8B4A-11D0-8D11-00A0C91BC942}") = "hiho-1349", "hiho-1349\hiho-1349.vcxproj", "{B641C18D-C8B2-4840-9188-16AD862FC4D7}"
EndProject
Project("{8BC9CEB8-8B4A-11D0-8D11-00A0C91BC942}") = "leet-135", "leet-135\leet-135.vcxproj", "{B4F0AA5F-E61A-4739-973F-F8A49CF80F20}"
EndProject
Project("{8BC9CEB8-8B4A-11D0-8D11-00A0C91BC942}") = "leet-140", "leet-140\leet-140.vcxproj", "{128FF40D-49D9-481A-B152-D8ADE8D0CD59}"
EndProject
Project("{8BC9CEB8-8B4A-11D0-8D11-00A0C91BC942}") = "leet-145", "leet-145\leet-145.vcxproj", "{33A2431B-5155-4445-9712-02F359A64136}"
EndProject
Project("{8BC9CEB8-8B4A-11D0-8D11-00A0C91BC942}") = "leet-146", "leet-146\leet-146.vcxproj", "{B6599DCD-DE56-4AEC-AB3E-8164DAB6862B}"
EndProject
Project("{8BC9CEB8-8B4A-11D0-8D11-00A0C91BC942}") = "leet-149", "leet-149\leet-149.vcxproj", "{D9B313ED-34DC-4D57-9911-8581B56983BD}"
EndProject
Project("{8BC9CEB8-8B4A-11D0-8D11-00A0C91BC942}") = "leet-154", "leet-154\leet-154.vcxproj", "{9337262B-3FA2-4E43-94BE-A5C6264E6598}"
EndProject
Project("{8BC9CEB8-8B4A-11D0-8D11-00A0C91BC942}") = "leet-164", "leet-164\leet-164.vcxproj", "{F7695A2F-E08C-4A0B-B82E-38D43B93AAE9}"
EndProject
Project("{8BC9CEB8-8B4A-11D0-8D11-00A0C91BC942}") = "leet-174", "leet-174\leet-174.vcxproj", "{DFDEF368-AD4A-4960-8755-89AE916EF281}"
EndProject
Project("{8BC9CEB8-8B4A-11D0-8D11-00A0C91BC942}") = "leet-188", "leet-188\leet-188.vcxproj", "{F199456B-EEB2-4ACC-800A-03C4AF05DF43}"
EndProject
Project("{8BC9CEB8-8B4A-11D0-8D11-00A0C91BC942}") = "leet-212", "leet-212\leet-212.vcxproj", "{17EC2F88-CDEF-4B5C-A9C8-1E45E8D20CA8}"
EndProject
Project("{8BC9CEB8-8B4A-11D0-8D11-00A0C91BC942}") = "leet-214", "leet-214\leet-214.vcxproj", "{1AE416F7-D672-4D5E-B26A-41FF5DA37FBE}"
EndProject
Project("{8BC9CEB8-8B4A-11D0-8D11-00A0C91BC942}") = "hiho-week-189", "hiho-week-189\hiho-week-189.vcxproj", "{272B7CF7-6450-472B-9BEE-3B1547096CF6}"
EndProject
Project("{8BC9CEB8-8B4A-11D0-8D11-00A0C91BC942}") = "leet-218", "leet-218\leet-218.vcxproj", "{0A58E7A6-FA1F-4EBD-B7A0-4931D15436FF}"
EndProject
Project("{8BC9CEB8-8B4A-11D0-8D11-00A0C91BC942}") = "leet-224", "leet-224\leet-224.vcxproj", "{E9AE78A1-3792-4832-992C-2A34906A05D8}"
EndProject
Project("{8BC9CEB8-8B4A-11D0-8D11-00A0C91BC942}") = "leet-233", "leet-233\leet-233.vcxproj", "{AB54BE62-D298-42C9-9AA7-3C6671995873}"
EndProject
Project("{8BC9CEB8-8B4A-11D0-8D11-00A0C91BC942}") = "leet-239", "leet-239\leet-239.vcxproj", "{AFD9F395-EAEE-48A9-9254-87643558F273}"
EndProject
Project("{8BC9CEB8-8B4A-11D0-8D11-00A0C91BC942}") = "leet-273", "leet-273\leet-273.vcxproj", "{66480AA8-47C4-455F-AE3B-A14C74590A2A}"
EndProject
Project("{8BC9CEB8-8B4A-11D0-8D11-00A0C91BC942}") = "leet-282", "leet-282\leet-282.vcxproj", "{204BA853-6979-4B77-B165-7B79A209C423}"
EndProject
Project("{8BC9CEB8-8B4A-11D0-8D11-00A0C91BC942}") = "leet-295", "leet-295\leet-295.vcxproj", "{18439D9B-8378-42EB-B073-87C372565043}"
EndProject
Project("{8BC9CEB8-8B4A-11D0-8D11-00A0C91BC942}") = "leet-297", "leet-297\leet-297.vcxproj", "{17606597-017A-4ED8-A7E1-648BC2D00F43}"
EndProject
Project("{8BC9CEB8-8B4A-11D0-8D11-00A0C91BC942}") = "leet-301", "leet-301\leet-301.vcxproj", "{C9F952AA-D6FE-4433-934B-40A2D9C28C19}"
EndProject
Project("{8BC9CEB8-8B4A-11D0-8D11-00A0C91BC942}") = "leet-312", "leet-312\leet-312.vcxproj", "{27B445BF-8E03-43D5-8643-A762917FA8C7}"
EndProject
Global
	GlobalSection(SolutionConfigurationPlatforms) = preSolution
		Debug|x64 = Debug|x64
		Debug|x86 = Debug|x86
		Release|x64 = Release|x64
		Release|x86 = Release|x86
	EndGlobalSection
	GlobalSection(ProjectConfigurationPlatforms) = postSolution
		{B8B5CBCC-E107-4F34-860C-5F9127443787}.Debug|x64.ActiveCfg = Debug|x64
		{B8B5CBCC-E107-4F34-860C-5F9127443787}.Debug|x64.Build.0 = Debug|x64
		{B8B5CBCC-E107-4F34-860C-5F9127443787}.Debug|x86.ActiveCfg = Debug|Win32
		{B8B5CBCC-E107-4F34-860C-5F9127443787}.Debug|x86.Build.0 = Debug|Win32
		{B8B5CBCC-E107-4F34-860C-5F9127443787}.Release|x64.ActiveCfg = Release|x64
		{B8B5CBCC-E107-4F34-860C-5F9127443787}.Release|x64.Build.0 = Release|x64
		{B8B5CBCC-E107-4F34-860C-5F9127443787}.Release|x86.ActiveCfg = Release|Win32
		{B8B5CBCC-E107-4F34-860C-5F9127443787}.Release|x86.Build.0 = Release|Win32
		{DFCD93A5-A4FE-482C-80C0-6701EE35501B}.Debug|x64.ActiveCfg = Debug|x64
		{DFCD93A5-A4FE-482C-80C0-6701EE35501B}.Debug|x64.Build.0 = Debug|x64
		{DFCD93A5-A4FE-482C-80C0-6701EE35501B}.Debug|x86.ActiveCfg = Debug|Win32
		{DFCD93A5-A4FE-482C-80C0-6701EE35501B}.Debug|x86.Build.0 = Debug|Win32
		{DFCD93A5-A4FE-482C-80C0-6701EE35501B}.Release|x64.ActiveCfg = Release|x64
		{DFCD93A5-A4FE-482C-80C0-6701EE35501B}.Release|x64.Build.0 = Release|x64
		{DFCD93A5-A4FE-482C-80C0-6701EE35501B}.Release|x86.ActiveCfg = Release|Win32
		{DFCD93A5-A4FE-482C-80C0-6701EE35501B}.Release|x86.Build.0 = Release|Win32
		{60CEDDFC-CD34-4C7D-BEB1-EE0D54ED84CD}.Debug|x64.ActiveCfg = Debug|x64
		{60CEDDFC-CD34-4C7D-BEB1-EE0D54ED84CD}.Debug|x64.Build.0 = Debug|x64
		{60CEDDFC-CD34-4C7D-BEB1-EE0D54ED84CD}.Debug|x86.ActiveCfg = Debug|Win32
		{60CEDDFC-CD34-4C7D-BEB1-EE0D54ED84CD}.Debug|x86.Build.0 = Debug|Win32
		{60CEDDFC-CD34-4C7D-BEB1-EE0D54ED84CD}.Release|x64.ActiveCfg = Release|x64
		{60CEDDFC-CD34-4C7D-BEB1-EE0D54ED84CD}.Release|x64.Build.0 = Release|x64
		{60CEDDFC-CD34-4C7D-BEB1-EE0D54ED84CD}.Release|x86.ActiveCfg = Release|Win32
		{60CEDDFC-CD34-4C7D-BEB1-EE0D54ED84CD}.Release|x86.Build.0 = Release|Win32
		{53E2BAE5-8E88-4907-8937-3DFAE46B3423}.Debug|x64.ActiveCfg = Debug|x64
		{53E2BAE5-8E88-4907-8937-3DFAE46B3423}.Debug|x64.Build.0 = Debug|x64
		{53E2BAE5-8E88-4907-8937-3DFAE46B3423}.Debug|x86.ActiveCfg = Debug|Win32
		{53E2BAE5-8E88-4907-8937-3DFAE46B3423}.Debug|x86.Build.0 = Debug|Win32
		{53E2BAE5-8E88-4907-8937-3DFAE46B3423}.Release|x64.ActiveCfg = Release|x64
		{53E2BAE5-8E88-4907-8937-3DFAE46B3423}.Release|x64.Build.0 = Release|x64
		{53E2BAE5-8E88-4907-8937-3DFAE46B3423}.Release|x86.ActiveCfg = Release|Win32
		{53E2BAE5-8E88-4907-8937-3DFAE46B3423}.Release|x86.Build.0 = Release|Win32
		{B0FFCC41-E321-4FD8-A1C0-FE5618C9029C}.Debug|x64.ActiveCfg = Debug|x64
		{B0FFCC41-E321-4FD8-A1C0-FE5618C9029C}.Debug|x64.Build.0 = Debug|x64
		{B0FFCC41-E321-4FD8-A1C0-FE5618C9029C}.Debug|x86.ActiveCfg = Debug|Win32
		{B0FFCC41-E321-4FD8-A1C0-FE5618C9029C}.Debug|x86.Build.0 = Debug|Win32
		{B0FFCC41-E321-4FD8-A1C0-FE5618C9029C}.Release|x64.ActiveCfg = Release|x64
		{B0FFCC41-E321-4FD8-A1C0-FE5618C9029C}.Release|x64.Build.0 = Release|x64
		{B0FFCC41-E321-4FD8-A1C0-FE5618C9029C}.Release|x86.ActiveCfg = Release|Win32
		{B0FFCC41-E321-4FD8-A1C0-FE5618C9029C}.Release|x86.Build.0 = Release|Win32
		{83587966-2CCE-4C5D-A5BA-C0AC70B66D83}.Debug|x64.ActiveCfg = Debug|x64
		{83587966-2CCE-4C5D-A5BA-C0AC70B66D83}.Debug|x64.Build.0 = Debug|x64
		{83587966-2CCE-4C5D-A5BA-C0AC70B66D83}.Debug|x86.ActiveCfg = Debug|Win32
		{83587966-2CCE-4C5D-A5BA-C0AC70B66D83}.Debug|x86.Build.0 = Debug|Win32
		{83587966-2CCE-4C5D-A5BA-C0AC70B66D83}.Release|x64.ActiveCfg = Release|x64
		{83587966-2CCE-4C5D-A5BA-C0AC70B66D83}.Release|x64.Build.0 = Release|x64
		{83587966-2CCE-4C5D-A5BA-C0AC70B66D83}.Release|x86.ActiveCfg = Release|Win32
		{83587966-2CCE-4C5D-A5BA-C0AC70B66D83}.Release|x86.Build.0 = Release|Win32
		{7C2AB2FA-9FDA-4C47-BC6C-0B0B71AAF2EF}.Debug|x64.ActiveCfg = Debug|x64
		{7C2AB2FA-9FDA-4C47-BC6C-0B0B71AAF2EF}.Debug|x64.Build.0 = Debug|x64
		{7C2AB2FA-9FDA-4C47-BC6C-0B0B71AAF2EF}.Debug|x86.ActiveCfg = Debug|Win32
		{7C2AB2FA-9FDA-4C47-BC6C-0B0B71AAF2EF}.Debug|x86.Build.0 = Debug|Win32
		{7C2AB2FA-9FDA-4C47-BC6C-0B0B71AAF2EF}.Release|x64.ActiveCfg = Release|x64
		{7C2AB2FA-9FDA-4C47-BC6C-0B0B71AAF2EF}.Release|x64.Build.0 = Release|x64
		{7C2AB2FA-9FDA-4C47-BC6C-0B0B71AAF2EF}.Release|x86.ActiveCfg = Release|Win32
		{7C2AB2FA-9FDA-4C47-BC6C-0B0B71AAF2EF}.Release|x86.Build.0 = Release|Win32
		{1ACB8650-9238-4DE5-ADE3-5A592000D97F}.Debug|x64.ActiveCfg = Debug|x64
		{1ACB8650-9238-4DE5-ADE3-5A592000D97F}.Debug|x64.Build.0 = Debug|x64
		{1ACB8650-9238-4DE5-ADE3-5A592000D97F}.Debug|x86.ActiveCfg = Debug|Win32
		{1ACB8650-9238-4DE5-ADE3-5A592000D97F}.Debug|x86.Build.0 = Debug|Win32
		{1ACB8650-9238-4DE5-ADE3-5A592000D97F}.Release|x64.ActiveCfg = Release|x64
		{1ACB8650-9238-4DE5-ADE3-5A592000D97F}.Release|x64.Build.0 = Release|x64
		{1ACB8650-9238-4DE5-ADE3-5A592000D97F}.Release|x86.ActiveCfg = Release|Win32
		{1ACB8650-9238-4DE5-ADE3-5A592000D97F}.Release|x86.Build.0 = Release|Win32
		{6C6EF6E9-7403-44D5-8766-6E4C7B957786}.Debug|x64.ActiveCfg = Debug|x64
		{6C6EF6E9-7403-44D5-8766-6E4C7B957786}.Debug|x64.Build.0 = Debug|x64
		{6C6EF6E9-7403-44D5-8766-6E4C7B957786}.Debug|x86.ActiveCfg = Debug|Win32
		{6C6EF6E9-7403-44D5-8766-6E4C7B957786}.Debug|x86.Build.0 = Debug|Win32
		{6C6EF6E9-7403-44D5-8766-6E4C7B957786}.Release|x64.ActiveCfg = Release|x64
		{6C6EF6E9-7403-44D5-8766-6E4C7B957786}.Release|x64.Build.0 = Release|x64
		{6C6EF6E9-7403-44D5-8766-6E4C7B957786}.Release|x86.ActiveCfg = Release|Win32
		{6C6EF6E9-7403-44D5-8766-6E4C7B957786}.Release|x86.Build.0 = Release|Win32
		{66659C53-A801-4944-9925-AFAA7E74788E}.Debug|x64.ActiveCfg = Debug|x64
		{66659C53-A801-4944-9925-AFAA7E74788E}.Debug|x64.Build.0 = Debug|x64
		{66659C53-A801-4944-9925-AFAA7E74788E}.Debug|x86.ActiveCfg = Debug|Win32
		{66659C53-A801-4944-9925-AFAA7E74788E}.Debug|x86.Build.0 = Debug|Win32
		{66659C53-A801-4944-9925-AFAA7E74788E}.Release|x64.ActiveCfg = Release|x64
		{66659C53-A801-4944-9925-AFAA7E74788E}.Release|x64.Build.0 = Release|x64
		{66659C53-A801-4944-9925-AFAA7E74788E}.Release|x86.ActiveCfg = Release|Win32
		{66659C53-A801-4944-9925-AFAA7E74788E}.Release|x86.Build.0 = Release|Win32
		{5AD710B5-855A-4E62-8170-846DA8081BD7}.Debug|x64.ActiveCfg = Debug|x64
		{5AD710B5-855A-4E62-8170-846DA8081BD7}.Debug|x64.Build.0 = Debug|x64
		{5AD710B5-855A-4E62-8170-846DA8081BD7}.Debug|x86.ActiveCfg = Debug|Win32
		{5AD710B5-855A-4E62-8170-846DA8081BD7}.Debug|x86.Build.0 = Debug|Win32
		{5AD710B5-855A-4E62-8170-846DA8081BD7}.Release|x64.ActiveCfg = Release|x64
		{5AD710B5-855A-4E62-8170-846DA8081BD7}.Release|x64.Build.0 = Release|x64
		{5AD710B5-855A-4E62-8170-846DA8081BD7}.Release|x86.ActiveCfg = Release|Win32
		{5AD710B5-855A-4E62-8170-846DA8081BD7}.Release|x86.Build.0 = Release|Win32
		{F2CA58BB-5B18-4E34-B781-C0151613CB07}.Debug|x64.ActiveCfg = Debug|x64
		{F2CA58BB-5B18-4E34-B781-C0151613CB07}.Debug|x64.Build.0 = Debug|x64
		{F2CA58BB-5B18-4E34-B781-C0151613CB07}.Debug|x86.ActiveCfg = Debug|Win32
		{F2CA58BB-5B18-4E34-B781-C0151613CB07}.Debug|x86.Build.0 = Debug|Win32
		{F2CA58BB-5B18-4E34-B781-C0151613CB07}.Release|x64.ActiveCfg = Release|x64
		{F2CA58BB-5B18-4E34-B781-C0151613CB07}.Release|x64.Build.0 = Release|x64
		{F2CA58BB-5B18-4E34-B781-C0151613CB07}.Release|x86.ActiveCfg = Release|Win32
		{F2CA58BB-5B18-4E34-B781-C0151613CB07}.Release|x86.Build.0 = Release|Win32
		{E8F62367-66D7-484F-B11F-18B93152AECF}.Debug|x64.ActiveCfg = Debug|x64
		{E8F62367-66D7-484F-B11F-18B93152AECF}.Debug|x64.Build.0 = Debug|x64
		{E8F62367-66D7-484F-B11F-18B93152AECF}.Debug|x86.ActiveCfg = Debug|Win32
		{E8F62367-66D7-484F-B11F-18B93152AECF}.Debug|x86.Build.0 = Debug|Win32
		{E8F62367-66D7-484F-B11F-18B93152AECF}.Release|x64.ActiveCfg = Release|x64
		{E8F62367-66D7-484F-B11F-18B93152AECF}.Release|x64.Build.0 = Release|x64
		{E8F62367-66D7-484F-B11F-18B93152AECF}.Release|x86.ActiveCfg = Release|Win32
		{E8F62367-66D7-484F-B11F-18B93152AECF}.Release|x86.Build.0 = Release|Win32
		{4D20209B-4082-47FC-B400-BCE3CFAFF629}.Debug|x64.ActiveCfg = Debug|x64
		{4D20209B-4082-47FC-B400-BCE3CFAFF629}.Debug|x64.Build.0 = Debug|x64
		{4D20209B-4082-47FC-B400-BCE3CFAFF629}.Debug|x86.ActiveCfg = Debug|Win32
		{4D20209B-4082-47FC-B400-BCE3CFAFF629}.Debug|x86.Build.0 = Debug|Win32
		{4D20209B-4082-47FC-B400-BCE3CFAFF629}.Release|x64.ActiveCfg = Release|x64
		{4D20209B-4082-47FC-B400-BCE3CFAFF629}.Release|x64.Build.0 = Release|x64
		{4D20209B-4082-47FC-B400-BCE3CFAFF629}.Release|x86.ActiveCfg = Release|Win32
		{4D20209B-4082-47FC-B400-BCE3CFAFF629}.Release|x86.Build.0 = Release|Win32
		{FEEBD132-6E2B-4308-8121-09BFE4F2C7A0}.Debug|x64.ActiveCfg = Debug|x64
		{FEEBD132-6E2B-4308-8121-09BFE4F2C7A0}.Debug|x64.Build.0 = Debug|x64
		{FEEBD132-6E2B-4308-8121-09BFE4F2C7A0}.Debug|x86.ActiveCfg = Debug|Win32
		{FEEBD132-6E2B-4308-8121-09BFE4F2C7A0}.Debug|x86.Build.0 = Debug|Win32
		{FEEBD132-6E2B-4308-8121-09BFE4F2C7A0}.Release|x64.ActiveCfg = Release|x64
		{FEEBD132-6E2B-4308-8121-09BFE4F2C7A0}.Release|x64.Build.0 = Release|x64
		{FEEBD132-6E2B-4308-8121-09BFE4F2C7A0}.Release|x86.ActiveCfg = Release|Win32
		{FEEBD132-6E2B-4308-8121-09BFE4F2C7A0}.Release|x86.Build.0 = Release|Win32
		{E68057F3-2057-49D0-9C35-A1E3DFB05A85}.Debug|x64.ActiveCfg = Debug|x64
		{E68057F3-2057-49D0-9C35-A1E3DFB05A85}.Debug|x64.Build.0 = Debug|x64
		{E68057F3-2057-49D0-9C35-A1E3DFB05A85}.Debug|x86.ActiveCfg = Debug|Win32
		{E68057F3-2057-49D0-9C35-A1E3DFB05A85}.Debug|x86.Build.0 = Debug|Win32
		{E68057F3-2057-49D0-9C35-A1E3DFB05A85}.Release|x64.ActiveCfg = Release|x64
		{E68057F3-2057-49D0-9C35-A1E3DFB05A85}.Release|x64.Build.0 = Release|x64
		{E68057F3-2057-49D0-9C35-A1E3DFB05A85}.Release|x86.ActiveCfg = Release|Win32
		{E68057F3-2057-49D0-9C35-A1E3DFB05A85}.Release|x86.Build.0 = Release|Win32
		{BD59818E-290C-4806-8C2F-11EDE21C769B}.Debug|x64.ActiveCfg = Debug|x64
		{BD59818E-290C-4806-8C2F-11EDE21C769B}.Debug|x64.Build.0 = Debug|x64
		{BD59818E-290C-4806-8C2F-11EDE21C769B}.Debug|x86.ActiveCfg = Debug|Win32
		{BD59818E-290C-4806-8C2F-11EDE21C769B}.Debug|x86.Build.0 = Debug|Win32
		{BD59818E-290C-4806-8C2F-11EDE21C769B}.Release|x64.ActiveCfg = Release|x64
		{BD59818E-290C-4806-8C2F-11EDE21C769B}.Release|x64.Build.0 = Release|x64
		{BD59818E-290C-4806-8C2F-11EDE21C769B}.Release|x86.ActiveCfg = Release|Win32
		{BD59818E-290C-4806-8C2F-11EDE21C769B}.Release|x86.Build.0 = Release|Win32
		{8CC0342B-CD06-42DB-98A6-869EDF054AF8}.Debug|x64.ActiveCfg = Debug|x64
		{8CC0342B-CD06-42DB-98A6-869EDF054AF8}.Debug|x64.Build.0 = Debug|x64
		{8CC0342B-CD06-42DB-98A6-869EDF054AF8}.Debug|x86.ActiveCfg = Debug|Win32
		{8CC0342B-CD06-42DB-98A6-869EDF054AF8}.Debug|x86.Build.0 = Debug|Win32
		{8CC0342B-CD06-42DB-98A6-869EDF054AF8}.Release|x64.ActiveCfg = Release|x64
		{8CC0342B-CD06-42DB-98A6-869EDF054AF8}.Release|x64.Build.0 = Release|x64
		{8CC0342B-CD06-42DB-98A6-869EDF054AF8}.Release|x86.ActiveCfg = Release|Win32
		{8CC0342B-CD06-42DB-98A6-869EDF054AF8}.Release|x86.Build.0 = Release|Win32
		{CDA1C942-4E67-49F7-83AC-780E191EC9DA}.Debug|x64.ActiveCfg = Debug|x64
		{CDA1C942-4E67-49F7-83AC-780E191EC9DA}.Debug|x64.Build.0 = Debug|x64
		{CDA1C942-4E67-49F7-83AC-780E191EC9DA}.Debug|x86.ActiveCfg = Debug|Win32
		{CDA1C942-4E67-49F7-83AC-780E191EC9DA}.Debug|x86.Build.0 = Debug|Win32
		{CDA1C942-4E67-49F7-83AC-780E191EC9DA}.Release|x64.ActiveCfg = Release|x64
		{CDA1C942-4E67-49F7-83AC-780E191EC9DA}.Release|x64.Build.0 = Release|x64
		{CDA1C942-4E67-49F7-83AC-780E191EC9DA}.Release|x86.ActiveCfg = Release|Win32
		{CDA1C942-4E67-49F7-83AC-780E191EC9DA}.Release|x86.Build.0 = Release|Win32
		{B641C18D-C8B2-4840-9188-16AD862FC4D7}.Debug|x64.ActiveCfg = Debug|x64
		{B641C18D-C8B2-4840-9188-16AD862FC4D7}.Debug|x64.Build.0 = Debug|x64
		{B641C18D-C8B2-4840-9188-16AD862FC4D7}.Debug|x86.ActiveCfg = Debug|Win32
		{B641C18D-C8B2-4840-9188-16AD862FC4D7}.Debug|x86.Build.0 = Debug|Win32
		{B641C18D-C8B2-4840-9188-16AD862FC4D7}.Release|x64.ActiveCfg = Release|x64
		{B641C18D-C8B2-4840-9188-16AD862FC4D7}.Release|x64.Build.0 = Release|x64
		{B641C18D-C8B2-4840-9188-16AD862FC4D7}.Release|x86.ActiveCfg = Release|Win32
		{B641C18D-C8B2-4840-9188-16AD862FC4D7}.Release|x86.Build.0 = Release|Win32
		{B4F0AA5F-E61A-4739-973F-F8A49CF80F20}.Debug|x64.ActiveCfg = Debug|x64
		{B4F0AA5F-E61A-4739-973F-F8A49CF80F20}.Debug|x64.Build.0 = Debug|x64
		{B4F0AA5F-E61A-4739-973F-F8A49CF80F20}.Debug|x86.ActiveCfg = Debug|Win32
		{B4F0AA5F-E61A-4739-973F-F8A49CF80F20}.Debug|x86.Build.0 = Debug|Win32
		{B4F0AA5F-E61A-4739-973F-F8A49CF80F20}.Release|x64.ActiveCfg = Release|x64
		{B4F0AA5F-E61A-4739-973F-F8A49CF80F20}.Release|x64.Build.0 = Release|x64
		{B4F0AA5F-E61A-4739-973F-F8A49CF80F20}.Release|x86.ActiveCfg = Release|Win32
		{B4F0AA5F-E61A-4739-973F-F8A49CF80F20}.Release|x86.Build.0 = Release|Win32
		{128FF40D-49D9-481A-B152-D8ADE8D0CD59}.Debug|x64.ActiveCfg = Debug|x64
		{128FF40D-49D9-481A-B152-D8ADE8D0CD59}.Debug|x64.Build.0 = Debug|x64
		{128FF40D-49D9-481A-B152-D8ADE8D0CD59}.Debug|x86.ActiveCfg = Debug|Win32
		{128FF40D-49D9-481A-B152-D8ADE8D0CD59}.Debug|x86.Build.0 = Debug|Win32
		{128FF40D-49D9-481A-B152-D8ADE8D0CD59}.Release|x64.ActiveCfg = Release|x64
		{128FF40D-49D9-481A-B152-D8ADE8D0CD59}.Release|x64.Build.0 = Release|x64
		{128FF40D-49D9-481A-B152-D8ADE8D0CD59}.Release|x86.ActiveCfg = Release|Win32
		{128FF40D-49D9-481A-B152-D8ADE8D0CD59}.Release|x86.Build.0 = Release|Win32
		{33A2431B-5155-4445-9712-02F359A64136}.Debug|x64.ActiveCfg = Debug|x64
		{33A2431B-5155-4445-9712-02F359A64136}.Debug|x64.Build.0 = Debug|x64
		{33A2431B-5155-4445-9712-02F359A64136}.Debug|x86.ActiveCfg = Debug|Win32
		{33A2431B-5155-4445-9712-02F359A64136}.Debug|x86.Build.0 = Debug|Win32
		{33A2431B-5155-4445-9712-02F359A64136}.Release|x64.ActiveCfg = Release|x64
		{33A2431B-5155-4445-9712-02F359A64136}.Release|x64.Build.0 = Release|x64
		{33A2431B-5155-4445-9712-02F359A64136}.Release|x86.ActiveCfg = Release|Win32
		{33A2431B-5155-4445-9712-02F359A64136}.Release|x86.Build.0 = Release|Win32
		{B6599DCD-DE56-4AEC-AB3E-8164DAB6862B}.Debug|x64.ActiveCfg = Debug|x64
		{B6599DCD-DE56-4AEC-AB3E-8164DAB6862B}.Debug|x64.Build.0 = Debug|x64
		{B6599DCD-DE56-4AEC-AB3E-8164DAB6862B}.Debug|x86.ActiveCfg = Debug|Win32
		{B6599DCD-DE56-4AEC-AB3E-8164DAB6862B}.Debug|x86.Build.0 = Debug|Win32
		{B6599DCD-DE56-4AEC-AB3E-8164DAB6862B}.Release|x64.ActiveCfg = Release|x64
		{B6599DCD-DE56-4AEC-AB3E-8164DAB6862B}.Release|x64.Build.0 = Release|x64
		{B6599DCD-DE56-4AEC-AB3E-8164DAB6862B}.Release|x86.ActiveCfg = Release|Win32
		{B6599DCD-DE56-4AEC-AB3E-8164DAB6862B}.Release|x86.Build.0 = Release|Win32
		{D9B313ED-34DC-4D57-9911-8581B56983BD}.Debug|x64.ActiveCfg = Debug|x64
		{D9B313ED-34DC-4D57-9911-8581B56983BD}.Debug|x64.Build.0 = Debug|x64
		{D9B313ED-34DC-4D57-9911-8581B56983BD}.Debug|x86.ActiveCfg = Debug|Win32
		{D9B313ED-34DC-4D57-9911-8581B56983BD}.Debug|x86.Build.0 = Debug|Win32
		{D9B313ED-34DC-4D57-9911-8581B56983BD}.Release|x64.ActiveCfg = Release|x64
		{D9B313ED-34DC-4D57-9911-8581B56983BD}.Release|x64.Build.0 = Release|x64
		{D9B313ED-34DC-4D57-9911-8581B56983BD}.Release|x86.ActiveCfg = Release|Win32
		{D9B313ED-34DC-4D57-9911-8581B56983BD}.Release|x86.Build.0 = Release|Win32
		{9337262B-3FA2-4E43-94BE-A5C6264E6598}.Debug|x64.ActiveCfg = Debug|x64
		{9337262B-3FA2-4E43-94BE-A5C6264E6598}.Debug|x64.Build.0 = Debug|x64
		{9337262B-3FA2-4E43-94BE-A5C6264E6598}.Debug|x86.ActiveCfg = Debug|Win32
		{9337262B-3FA2-4E43-94BE-A5C6264E6598}.Debug|x86.Build.0 = Debug|Win32
		{9337262B-3FA2-4E43-94BE-A5C6264E6598}.Release|x64.ActiveCfg = Release|x64
		{9337262B-3FA2-4E43-94BE-A5C6264E6598}.Release|x64.Build.0 = Release|x64
		{9337262B-3FA2-4E43-94BE-A5C6264E6598}.Release|x86.ActiveCfg = Release|Win32
		{9337262B-3FA2-4E43-94BE-A5C6264E6598}.Release|x86.Build.0 = Release|Win32
		{F7695A2F-E08C-4A0B-B82E-38D43B93AAE9}.Debug|x64.ActiveCfg = Debug|x64
		{F7695A2F-E08C-4A0B-B82E-38D43B93AAE9}.Debug|x64.Build.0 = Debug|x64
		{F7695A2F-E08C-4A0B-B82E-38D43B93AAE9}.Debug|x86.ActiveCfg = Debug|Win32
		{F7695A2F-E08C-4A0B-B82E-38D43B93AAE9}.Debug|x86.Build.0 = Debug|Win32
		{F7695A2F-E08C-4A0B-B82E-38D43B93AAE9}.Release|x64.ActiveCfg = Release|x64
		{F7695A2F-E08C-4A0B-B82E-38D43B93AAE9}.Release|x64.Build.0 = Release|x64
		{F7695A2F-E08C-4A0B-B82E-38D43B93AAE9}.Release|x86.ActiveCfg = Release|Win32
		{F7695A2F-E08C-4A0B-B82E-38D43B93AAE9}.Release|x86.Build.0 = Release|Win32
		{DFDEF368-AD4A-4960-8755-89AE916EF281}.Debug|x64.ActiveCfg = Debug|x64
		{DFDEF368-AD4A-4960-8755-89AE916EF281}.Debug|x64.Build.0 = Debug|x64
		{DFDEF368-AD4A-4960-8755-89AE916EF281}.Debug|x86.ActiveCfg = Debug|Win32
		{DFDEF368-AD4A-4960-8755-89AE916EF281}.Debug|x86.Build.0 = Debug|Win32
		{DFDEF368-AD4A-4960-8755-89AE916EF281}.Release|x64.ActiveCfg = Release|x64
		{DFDEF368-AD4A-4960-8755-89AE916EF281}.Release|x64.Build.0 = Release|x64
		{DFDEF368-AD4A-4960-8755-89AE916EF281}.Release|x86.ActiveCfg = Release|Win32
		{DFDEF368-AD4A-4960-8755-89AE916EF281}.Release|x86.Build.0 = Release|Win32
		{F199456B-EEB2-4ACC-800A-03C4AF05DF43}.Debug|x64.ActiveCfg = Debug|x64
		{F199456B-EEB2-4ACC-800A-03C4AF05DF43}.Debug|x64.Build.0 = Debug|x64
		{F199456B-EEB2-4ACC-800A-03C4AF05DF43}.Debug|x86.ActiveCfg = Debug|Win32
		{F199456B-EEB2-4ACC-800A-03C4AF05DF43}.Debug|x86.Build.0 = Debug|Win32
		{F199456B-EEB2-4ACC-800A-03C4AF05DF43}.Release|x64.ActiveCfg = Release|x64
		{F199456B-EEB2-4ACC-800A-03C4AF05DF43}.Release|x64.Build.0 = Release|x64
		{F199456B-EEB2-4ACC-800A-03C4AF05DF43}.Release|x86.ActiveCfg = Release|Win32
		{F199456B-EEB2-4ACC-800A-03C4AF05DF43}.Release|x86.Build.0 = Release|Win32
		{17EC2F88-CDEF-4B5C-A9C8-1E45E8D20CA8}.Debug|x64.ActiveCfg = Debug|x64
		{17EC2F88-CDEF-4B5C-A9C8-1E45E8D20CA8}.Debug|x64.Build.0 = Debug|x64
		{17EC2F88-CDEF-4B5C-A9C8-1E45E8D20CA8}.Debug|x86.ActiveCfg = Debug|Win32
		{17EC2F88-CDEF-4B5C-A9C8-1E45E8D20CA8}.Debug|x86.Build.0 = Debug|Win32
		{17EC2F88-CDEF-4B5C-A9C8-1E45E8D20CA8}.Release|x64.ActiveCfg = Release|x64
		{17EC2F88-CDEF-4B5C-A9C8-1E45E8D20CA8}.Release|x64.Build.0 = Release|x64
		{17EC2F88-CDEF-4B5C-A9C8-1E45E8D20CA8}.Release|x86.ActiveCfg = Release|Win32
		{17EC2F88-CDEF-4B5C-A9C8-1E45E8D20CA8}.Release|x86.Build.0 = Release|Win32
		{1AE416F7-D672-4D5E-B26A-41FF5DA37FBE}.Debug|x64.ActiveCfg = Debug|x64
		{1AE416F7-D672-4D5E-B26A-41FF5DA37FBE}.Debug|x64.Build.0 = Debug|x64
		{1AE416F7-D672-4D5E-B26A-41FF5DA37FBE}.Debug|x86.ActiveCfg = Debug|Win32
		{1AE416F7-D672-4D5E-B26A-41FF5DA37FBE}.Debug|x86.Build.0 = Debug|Win32
		{1AE416F7-D672-4D5E-B26A-41FF5DA37FBE}.Release|x64.ActiveCfg = Release|x64
		{1AE416F7-D672-4D5E-B26A-41FF5DA37FBE}.Release|x64.Build.0 = Release|x64
		{1AE416F7-D672-4D5E-B26A-41FF5DA37FBE}.Release|x86.ActiveCfg = Release|Win32
		{1AE416F7-D672-4D5E-B26A-41FF5DA37FBE}.Release|x86.Build.0 = Release|Win32
		{272B7CF7-6450-472B-9BEE-3B1547096CF6}.Debug|x64.ActiveCfg = Debug|x64
		{272B7CF7-6450-472B-9BEE-3B1547096CF6}.Debug|x64.Build.0 = Debug|x64
		{272B7CF7-6450-472B-9BEE-3B1547096CF6}.Debug|x86.ActiveCfg = Debug|Win32
		{272B7CF7-6450-472B-9BEE-3B1547096CF6}.Debug|x86.Build.0 = Debug|Win32
		{272B7CF7-6450-472B-9BEE-3B1547096CF6}.Release|x64.ActiveCfg = Release|x64
		{272B7CF7-6450-472B-9BEE-3B1547096CF6}.Release|x64.Build.0 = Release|x64
		{272B7CF7-6450-472B-9BEE-3B1547096CF6}.Release|x86.ActiveCfg = Release|Win32
		{272B7CF7-6450-472B-9BEE-3B1547096CF6}.Release|x86.Build.0 = Release|Win32
		{0A58E7A6-FA1F-4EBD-B7A0-4931D15436FF}.Debug|x64.ActiveCfg = Debug|x64
		{0A58E7A6-FA1F-4EBD-B7A0-4931D15436FF}.Debug|x64.Build.0 = Debug|x64
		{0A58E7A6-FA1F-4EBD-B7A0-4931D15436FF}.Debug|x86.ActiveCfg = Debug|Win32
		{0A58E7A6-FA1F-4EBD-B7A0-4931D15436FF}.Debug|x86.Build.0 = Debug|Win32
		{0A58E7A6-FA1F-4EBD-B7A0-4931D15436FF}.Release|x64.ActiveCfg = Release|x64
		{0A58E7A6-FA1F-4EBD-B7A0-4931D15436FF}.Release|x64.Build.0 = Release|x64
		{0A58E7A6-FA1F-4EBD-B7A0-4931D15436FF}.Release|x86.ActiveCfg = Release|Win32
		{0A58E7A6-FA1F-4EBD-B7A0-4931D15436FF}.Release|x86.Build.0 = Release|Win32
		{E9AE78A1-3792-4832-992C-2A34906A05D8}.Debug|x64.ActiveCfg = Debug|x64
		{E9AE78A1-3792-4832-992C-2A34906A05D8}.Debug|x64.Build.0 = Debug|x64
		{E9AE78A1-3792-4832-992C-2A34906A05D8}.Debug|x86.ActiveCfg = Debug|Win32
		{E9AE78A1-3792-4832-992C-2A34906A05D8}.Debug|x86.Build.0 = Debug|Win32
		{E9AE78A1-3792-4832-992C-2A34906A05D8}.Release|x64.ActiveCfg = Release|x64
		{E9AE78A1-3792-4832-992C-2A34906A05D8}.Release|x64.Build.0 = Release|x64
		{E9AE78A1-3792-4832-992C-2A34906A05D8}.Release|x86.ActiveCfg = Release|Win32
		{E9AE78A1-3792-4832-992C-2A34906A05D8}.Release|x86.Build.0 = Release|Win32
		{AB54BE62-D298-42C9-9AA7-3C6671995873}.Debug|x64.ActiveCfg = Debug|x64
		{AB54BE62-D298-42C9-9AA7-3C6671995873}.Debug|x64.Build.0 = Debug|x64
		{AB54BE62-D298-42C9-9AA7-3C6671995873}.Debug|x86.ActiveCfg = Debug|Win32
		{AB54BE62-D298-42C9-9AA7-3C6671995873}.Debug|x86.Build.0 = Debug|Win32
		{AB54BE62-D298-42C9-9AA7-3C6671995873}.Release|x64.ActiveCfg = Release|x64
		{AB54BE62-D298-42C9-9AA7-3C6671995873}.Release|x64.Build.0 = Release|x64
		{AB54BE62-D298-42C9-9AA7-3C6671995873}.Release|x86.ActiveCfg = Release|Win32
		{AB54BE62-D298-42C9-9AA7-3C6671995873}.Release|x86.Build.0 = Release|Win32
		{AFD9F395-EAEE-48A9-9254-87643558F273}.Debug|x64.ActiveCfg = Debug|x64
		{AFD9F395-EAEE-48A9-9254-87643558F273}.Debug|x64.Build.0 = Debug|x64
		{AFD9F395-EAEE-48A9-9254-87643558F273}.Debug|x86.ActiveCfg = Debug|Win32
		{AFD9F395-EAEE-48A9-9254-87643558F273}.Debug|x86.Build.0 = Debug|Win32
		{AFD9F395-EAEE-48A9-9254-87643558F273}.Release|x64.ActiveCfg = Release|x64
		{AFD9F395-EAEE-48A9-9254-87643558F273}.Release|x64.Build.0 = Release|x64
		{AFD9F395-EAEE-48A9-9254-87643558F273}.Release|x86.ActiveCfg = Release|Win32
		{AFD9F395-EAEE-48A9-9254-87643558F273}.Release|x86.Build.0 = Release|Win32
		{66480AA8-47C4-455F-AE3B-A14C74590A2A}.Debug|x64.ActiveCfg = Debug|x64
		{66480AA8-47C4-455F-AE3B-A14C74590A2A}.Debug|x64.Build.0 = Debug|x64
		{66480AA8-47C4-455F-AE3B-A14C74590A2A}.Debug|x86.ActiveCfg = Debug|Win32
		{66480AA8-47C4-455F-AE3B-A14C74590A2A}.Debug|x86.Build.0 = Debug|Win32
		{66480AA8-47C4-455F-AE3B-A14C74590A2A}.Release|x64.ActiveCfg = Release|x64
		{66480AA8-47C4-455F-AE3B-A14C74590A2A}.Release|x64.Build.0 = Release|x64
		{66480AA8-47C4-455F-AE3B-A14C74590A2A}.Release|x86.ActiveCfg = Release|Win32
		{66480AA8-47C4-455F-AE3B-A14C74590A2A}.Release|x86.Build.0 = Release|Win32
		{204BA853-6979-4B77-B165-7B79A209C423}.Debug|x64.ActiveCfg = Debug|x64
		{204BA853-6979-4B77-B165-7B79A209C423}.Debug|x64.Build.0 = Debug|x64
		{204BA853-6979-4B77-B165-7B79A209C423}.Debug|x86.ActiveCfg = Debug|Win32
		{204BA853-6979-4B77-B165-7B79A209C423}.Debug|x86.Build.0 = Debug|Win32
		{204BA853-6979-4B77-B165-7B79A209C423}.Release|x64.ActiveCfg = Release|x64
		{204BA853-6979-4B77-B165-7B79A209C423}.Release|x64.Build.0 = Release|x64
		{204BA853-6979-4B77-B165-7B79A209C423}.Release|x86.ActiveCfg = Release|Win32
		{204BA853-6979-4B77-B165-7B79A209C423}.Release|x86.Build.0 = Release|Win32
		{18439D9B-8378-42EB-B073-87C372565043}.Debug|x64.ActiveCfg = Debug|x64
		{18439D9B-8378-42EB-B073-87C372565043}.Debug|x64.Build.0 = Debug|x64
		{18439D9B-8378-42EB-B073-87C372565043}.Debug|x86.ActiveCfg = Debug|Win32
		{18439D9B-8378-42EB-B073-87C372565043}.Debug|x86.Build.0 = Debug|Win32
		{18439D9B-8378-42EB-B073-87C372565043}.Release|x64.ActiveCfg = Release|x64
		{18439D9B-8378-42EB-B073-87C372565043}.Release|x64.Build.0 = Release|x64
		{18439D9B-8378-42EB-B073-87C372565043}.Release|x86.ActiveCfg = Release|Win32
		{18439D9B-8378-42EB-B073-87C372565043}.Release|x86.Build.0 = Release|Win32
		{17606597-017A-4ED8-A7E1-648BC2D00F43}.Debug|x64.ActiveCfg = Debug|x64
		{17606597-017A-4ED8-A7E1-648BC2D00F43}.Debug|x64.Build.0 = Debug|x64
		{17606597-017A-4ED8-A7E1-648BC2D00F43}.Debug|x86.ActiveCfg = Debug|Win32
		{17606597-017A-4ED8-A7E1-648BC2D00F43}.Debug|x86.Build.0 = Debug|Win32
		{17606597-017A-4ED8-A7E1-648BC2D00F43}.Release|x64.ActiveCfg = Release|x64
		{17606597-017A-4ED8-A7E1-648BC2D00F43}.Release|x64.Build.0 = Release|x64
		{17606597-017A-4ED8-A7E1-648BC2D00F43}.Release|x86.ActiveCfg = Release|Win32
		{17606597-017A-4ED8-A7E1-648BC2D00F43}.Release|x86.Build.0 = Release|Win32
		{C9F952AA-D6FE-4433-934B-40A2D9C28C19}.Debug|x64.ActiveCfg = Debug|x64
		{C9F952AA-D6FE-4433-934B-40A2D9C28C19}.Debug|x64.Build.0 = Debug|x64
		{C9F952AA-D6FE-4433-934B-40A2D9C28C19}.Debug|x86.ActiveCfg = Debug|Win32
		{C9F952AA-D6FE-4433-934B-40A2D9C28C19}.Debug|x86.Build.0 = Debug|Win32
		{C9F952AA-D6FE-4433-934B-40A2D9C28C19}.Release|x64.ActiveCfg = Release|x64
		{C9F952AA-D6FE-4433-934B-40A2D9C28C19}.Release|x64.Build.0 = Release|x64
		{C9F952AA-D6FE-4433-934B-40A2D9C28C19}.Release|x86.ActiveCfg = Release|Win32
		{C9F952AA-D6FE-4433-934B-40A2D9C28C19}.Release|x86.Build.0 = Release|Win32
		{27B445BF-8E03-43D5-8643-A762917FA8C7}.Debug|x64.ActiveCfg = Debug|x64
		{27B445BF-8E03-43D5-8643-A762917FA8C7}.Debug|x64.Build.0 = Debug|x64
		{27B445BF-8E03-43D5-8643-A762917FA8C7}.Debug|x86.ActiveCfg = Debug|Win32
		{27B445BF-8E03-43D5-8643-A762917FA8C7}.Debug|x86.Build.0 = Debug|Win32
		{27B445BF-8E03-43D5-8643-A762917FA8C7}.Release|x64.ActiveCfg = Release|x64
		{27B445BF-8E03-43D5-8643-A762917FA8C7}.Release|x64.Build.0 = Release|x64
		{27B445BF-8E03-43D5-8643-A762917FA8C7}.Release|x86.ActiveCfg = Release|Win32
		{27B445BF-8E03-43D5-8643-A762917FA8C7}.Release|x86.Build.0 = Release|Win32
	EndGlobalSection
	GlobalSection(SolutionProperties) = preSolution
		HideSolutionNode = FALSE
	EndGlobalSection
	GlobalSection(ExtensibilityGlobals) = postSolution
		SolutionGuid = {95561F3A-86E6-4FD2-B844-E2D3A585E286}
	EndGlobalSection
EndGlobal
